
Microsoft Visual Studio Solution File, Format Version 12.00
# Visual Studio Version 17
VisualStudioVersion = 17.8.34330.188
MinimumVisualStudioVersion = 10.0.40219.1
Project("{FAE04EC0-301F-11D3-BF4B-00C04F79EFBC}") = "CaraouCoroaPOO", "CaraouCoroaPOO\CaraouCoroaPOO.csproj", "{B210BE41-14C3-46CB-A735-AAB3A7D47530}"
EndProject
Global
	GlobalSection(SolutionConfigurationPlatforms) = preSolution
		Debug|Any CPU = Debug|Any CPU
		Release|Any CPU = Release|Any CPU
	EndGlobalSection
	GlobalSection(ProjectConfigurationPlatforms) = postSolution
		{B210BE41-14C3-46CB-A735-AAB3A7D47530}.Debug|Any CPU.ActiveCfg = Debug|Any CPU
		{B210BE41-14C3-46CB-A735-AAB3A7D47530}.Debug|Any CPU.Build.0 = Debug|Any CPU
		{B210BE41-14C3-46CB-A735-AAB3A7D47530}.Debug|Any CPU.Deploy.0 = Debug|Any CPU
		{B210BE41-14C3-46CB-A735-AAB3A7D47530}.Release|Any CPU.ActiveCfg = Release|Any CPU
		{B210BE41-14C3-46CB-A735-AAB3A7D47530}.Release|Any CPU.Build.0 = Release|Any CPU
		{B210BE41-14C3-46CB-A735-AAB3A7D47530}.Release|Any CPU.Deploy.0 = Release|Any CPU
	EndGlobalSection
	GlobalSection(SolutionProperties) = preSolution
		HideSolutionNode = FALSE
	EndGlobalSection
	GlobalSection(ExtensibilityGlobals) = postSolution
		SolutionGuid = {117662DD-C14A-49D3-A7D9-751D8E6E7264}
	EndGlobalSection
EndGlobal
